
Microsoft Visual Studio Solution File, Format Version 9.00
# Visual Studio 2005
Project("{8BC9CEB8-8B4A-11D0-8D11-00A0C91BC942}") = "ta_common", "ta_common\ta_common.vcproj", "{E3AB3A1B-0D33-4A51-A4F7-69EE5C079115}"
EndProject
Project("{8BC9CEB8-8B4A-11D0-8D11-00A0C91BC942}") = "ta_func", "ta_func\ta_func.vcproj", "{B9DBB4A6-C675-4486-B916-0B0DCC049BB2}"
	ProjectSection(ProjectDependencies) = postProject
		{E3AB3A1B-0D33-4A51-A4F7-69EE5C079115} = {E3AB3A1B-0D33-4A51-A4F7-69EE5C079115}
	EndProjectSection
EndProject
Project("{8BC9CEB8-8B4A-11D0-8D11-00A0C91BC942}") = "ta_abstract", "ta_abstract\ta_abstract.vcproj", "{FDE2592B-DF64-4308-B644-92E79E071986}"
	ProjectSection(ProjectDependencies) = postProject
		{E3AB3A1B-0D33-4A51-A4F7-69EE5C079115} = {E3AB3A1B-0D33-4A51-A4F7-69EE5C079115}
	EndProjectSection
EndProject
Project("{8BC9CEB8-8B4A-11D0-8D11-00A0C91BC942}") = "ta_libc", "ta_libc\ta_libc.vcproj", "{B7BA9CEF-8430-4BCB-8EEE-5C351800A021}"
	ProjectSection(ProjectDependencies) = postProject
		{B9DBB4A6-C675-4486-B916-0B0DCC049BB2} = {B9DBB4A6-C675-4486-B916-0B0DCC049BB2}
		{FDE2592B-DF64-4308-B644-92E79E071986} = {FDE2592B-DF64-4308-B644-92E79E071986}
		{E3AB3A1B-0D33-4A51-A4F7-69EE5C079115} = {E3AB3A1B-0D33-4A51-A4F7-69EE5C079115}
	EndProjectSection
EndProject
Project("{8BC9CEB8-8B4A-11D0-8D11-00A0C91BC942}") = "gen_code", "gen_code\gen_code.vcproj", "{79D18ABF-C93A-441A-A22B-D58813BB2701}"
	ProjectSection(ProjectDependencies) = postProject
		{E3AB3A1B-0D33-4A51-A4F7-69EE5C079115} = {E3AB3A1B-0D33-4A51-A4F7-69EE5C079115}
	EndProjectSection
EndProject
Project("{8BC9CEB8-8B4A-11D0-8D11-00A0C91BC942}") = "ta_regtest", "ta_regtest\ta_regtest.vcproj", "{271698C6-3436-4D9B-87DB-F865325B00C5}"
	ProjectSection(ProjectDependencies) = postProject
		{B7BA9CEF-8430-4BCB-8EEE-5C351800A021} = {B7BA9CEF-8430-4BCB-8EEE-5C351800A021}
		{79D18ABF-C93A-441A-A22B-D58813BB2701} = {79D18ABF-C93A-441A-A22B-D58813BB2701}
		{B9DBB4A6-C675-4486-B916-0B0DCC049BB2} = {B9DBB4A6-C675-4486-B916-0B0DCC049BB2}
		{FDE2592B-DF64-4308-B644-92E79E071986} = {FDE2592B-DF64-4308-B644-92E79E071986}
		{E3AB3A1B-0D33-4A51-A4F7-69EE5C079115} = {E3AB3A1B-0D33-4A51-A4F7-69EE5C079115}
	EndProjectSection
EndProject
Project("{2150E333-8FDC-42A3-9474-1A3956D46DE8}") = "documents", "documents", "{5122530F-6A6C-4236-99D0-3E46644C2E49}"
	ProjectSection(SolutionItems) = preProject
		..\..\..\..\CHANGELOG.TXT = ..\..\..\..\CHANGELOG.TXT
		..\..\..\..\HISTORY.TXT = ..\..\..\..\HISTORY.TXT
		..\..\..\..\LICENSE.TXT = ..\..\..\..\LICENSE.TXT
		..\..\..\..\README.TXT = ..\..\..\..\README.TXT
	EndProjectSection
EndProject
Global
	GlobalSection(SolutionConfigurationPlatforms) = preSolution
		cdd|Win32 = cdd|Win32
		cdr|Win32 = cdr|Win32
		cmd|Win32 = cmd|Win32
		cmr|Win32 = cmr|Win32
	EndGlobalSection
	GlobalSection(ProjectConfigurationPlatforms) = postSolution
		{E3AB3A1B-0D33-4A51-A4F7-69EE5C079115}.cdd|Win32.ActiveCfg = cdd|Win32
		{E3AB3A1B-0D33-4A51-A4F7-69EE5C079115}.cdd|Win32.Build.0 = cdd|Win32
		{E3AB3A1B-0D33-4A51-A4F7-69EE5C079115}.cdr|Win32.ActiveCfg = cdr|Win32
		{E3AB3A1B-0D33-4A51-A4F7-69EE5C079115}.cdr|Win32.Build.0 = cdr|Win32
		{E3AB3A1B-0D33-4A51-A4F7-69EE5C079115}.cmd|Win32.ActiveCfg = cmd|Win32
		{E3AB3A1B-0D33-4A51-A4F7-69EE5C079115}.cmd|Win32.Build.0 = cmd|Win32
		{E3AB3A1B-0D33-4A51-A4F7-69EE5C079115}.cmr|Win32.ActiveCfg = cmr|Win32
		{E3AB3A1B-0D33-4A51-A4F7-69EE5C079115}.cmr|Win32.Build.0 = cmr|Win32
		{B9DBB4A6-C675-4486-B916-0B0DCC049BB2}.cdd|Win32.ActiveCfg = cdd|Win32
		{B9DBB4A6-C675-4486-B916-0B0DCC049BB2}.cdd|Win32.Build.0 = cdd|Win32
		{B9DBB4A6-C675-4486-B916-0B0DCC049BB2}.cdr|Win32.ActiveCfg = cdr|Win32
		{B9DBB4A6-C675-4486-B916-0B0DCC049BB2}.cdr|Win32.Build.0 = cdr|Win32
		{B9DBB4A6-C675-4486-B916-0B0DCC049BB2}.cmd|Win32.ActiveCfg = cmd|Win32
		{B9DBB4A6-C675-4486-B916-0B0DCC049BB2}.cmd|Win32.Build.0 = cmd|Win32
		{B9DBB4A6-C675-4486-B916-0B0DCC049BB2}.cmr|Win32.ActiveCfg = cmr|Win32
		{B9DBB4A6-C675-4486-B916-0B0DCC049BB2}.cmr|Win32.Build.0 = cmr|Win32
		{FDE2592B-DF64-4308-B644-92E79E071986}.cdd|Win32.ActiveCfg = cdd|Win32
		{FDE2592B-DF64-4308-B644-92E79E071986}.cdd|Win32.Build.0 = cdd|Win32
		{FDE2592B-DF64-4308-B644-92E79E071986}.cdr|Win32.ActiveCfg = cdr|Win32
		{FDE2592B-DF64-4308-B644-92E79E071986}.cdr|Win32.Build.0 = cdr|Win32
		{FDE2592B-DF64-4308-B644-92E79E071986}.cmd|Win32.ActiveCfg = cmd|Win32
		{FDE2592B-DF64-4308-B644-92E79E071986}.cmd|Win32.Build.0 = cmd|Win32
		{FDE2592B-DF64-4308-B644-92E79E071986}.cmr|Win32.ActiveCfg = cmr|Win32
		{FDE2592B-DF64-4308-B644-92E79E071986}.cmr|Win32.Build.0 = cmr|Win32
		{B7BA9CEF-8430-4BCB-8EEE-5C351800A021}.cdd|Win32.ActiveCfg = cdd|Win32
		{B7BA9CEF-8430-4BCB-8EEE-5C351800A021}.cdd|Win32.Build.0 = cdd|Win32
		{B7BA9CEF-8430-4BCB-8EEE-5C351800A021}.cdr|Win32.ActiveCfg = cdr|Win32
		{B7BA9CEF-8430-4BCB-8EEE-5C351800A021}.cdr|Win32.Build.0 = cdr|Win32
		{B7BA9CEF-8430-4BCB-8EEE-5C351800A021}.cmd|Win32.ActiveCfg = cmd|Win32
		{B7BA9CEF-8430-4BCB-8EEE-5C351800A021}.cmd|Win32.Build.0 = cmd|Win32
		{B7BA9CEF-8430-4BCB-8EEE-5C351800A021}.cmr|Win32.ActiveCfg = cmr|Win32
		{B7BA9CEF-8430-4BCB-8EEE-5C351800A021}.cmr|Win32.Build.0 = cmr|Win32
		{79D18ABF-C93A-441A-A22B-D58813BB2701}.cdd|Win32.ActiveCfg = cdd|Win32
		{79D18ABF-C93A-441A-A22B-D58813BB2701}.cdd|Win32.Build.0 = cdd|Win32
		{79D18ABF-C93A-441A-A22B-D58813BB2701}.cdr|Win32.ActiveCfg = cdr|Win32
		{79D18ABF-C93A-441A-A22B-D58813BB2701}.cdr|Win32.Build.0 = cdr|Win32
		{79D18ABF-C93A-441A-A22B-D58813BB2701}.cmd|Win32.ActiveCfg = cmd|Win32
		{79D18ABF-C93A-441A-A22B-D58813BB2701}.cmd|Win32.Build.0 = cmd|Win32
		{79D18ABF-C93A-441A-A22B-D58813BB2701}.cmr|Win32.ActiveCfg = cmr|Win32
		{79D18ABF-C93A-441A-A22B-D58813BB2701}.cmr|Win32.Build.0 = cmr|Win32
		{271698C6-3436-4D9B-87DB-F865325B00C5}.cdd|Win32.ActiveCfg = cdd|Win32
		{271698C6-3436-4D9B-87DB-F865325B00C5}.cdd|Win32.Build.0 = cdd|Win32
		{271698C6-3436-4D9B-87DB-F865325B00C5}.cdr|Win32.ActiveCfg = cdr|Win32
		{271698C6-3436-4D9B-87DB-F865325B00C5}.cdr|Win32.Build.0 = cdr|Win32
		{271698C6-3436-4D9B-87DB-F865325B00C5}.cmd|Win32.ActiveCfg = cmd|Win32
		{271698C6-3436-4D9B-87DB-F865325B00C5}.cmd|Win32.Build.0 = cmd|Win32
		{271698C6-3436-4D9B-87DB-F865325B00C5}.cmr|Win32.ActiveCfg = cmr|Win32
		{271698C6-3436-4D9B-87DB-F865325B00C5}.cmr|Win32.Build.0 = cmr|Win32
	EndGlobalSection
	GlobalSection(SolutionProperties) = preSolution
		HideSolutionNode = FALSE
	EndGlobalSection
EndGlobal
